
Microsoft Visual Studio Solution File, Format Version 12.00
# Visual Studio 2012
Project("{D2ABAB84-BF74-430A-B69E-9DC6D40DDA17}") = "AW2014CubeExercise", "AW2014_Exercise\AW2014CubeExercise.dwproj", "{84E8584F-0445-4D66-BAA3-E29203C6CB56}"
EndProject
Project("{F14B399A-7131-4C87-9E4B-1186C45EF12D}") = "SSRS Reports", "SSRS Reports\SSRS Reports.rptproj", "{3157AB55-ABC3-4C4D-8DF0-3B13AC9CECC7}"
EndProject
Project("{2150E333-8FDC-42A3-9474-1A3956D46DE8}") = "Reports", "Reports", "{F1651AE8-2AE5-4778-92DA-76BC64A536D1}"
EndProject
Project("{2150E333-8FDC-42A3-9474-1A3956D46DE8}") = "SSAS", "SSAS", "{A1F19D57-5BA2-42DF-92A8-4E5985A79EA2}"
EndProject
Global
	GlobalSection(SolutionConfigurationPlatforms) = preSolution
		Debug|Default = Debug|Default
		DebugLocal|Default = DebugLocal|Default
		Development|Default = Development|Default
		Release|Default = Release|Default
	EndGlobalSection
	GlobalSection(ProjectConfigurationPlatforms) = postSolution
		{84E8584F-0445-4D66-BAA3-E29203C6CB56}.Debug|Default.ActiveCfg = Development
		{84E8584F-0445-4D66-BAA3-E29203C6CB56}.Debug|Default.Build.0 = Development
		{84E8584F-0445-4D66-BAA3-E29203C6CB56}.Debug|Default.Deploy.0 = Development
		{84E8584F-0445-4D66-BAA3-E29203C6CB56}.DebugLocal|Default.ActiveCfg = Development
		{84E8584F-0445-4D66-BAA3-E29203C6CB56}.DebugLocal|Default.Build.0 = Development
		{84E8584F-0445-4D66-BAA3-E29203C6CB56}.DebugLocal|Default.Deploy.0 = Development
		{84E8584F-0445-4D66-BAA3-E29203C6CB56}.Development|Default.ActiveCfg = Development
		{84E8584F-0445-4D66-BAA3-E29203C6CB56}.Development|Default.Build.0 = Development
		{84E8584F-0445-4D66-BAA3-E29203C6CB56}.Development|Default.Deploy.0 = Development
		{84E8584F-0445-4D66-BAA3-E29203C6CB56}.Release|Default.ActiveCfg = Development
		{84E8584F-0445-4D66-BAA3-E29203C6CB56}.Release|Default.Build.0 = Development
		{84E8584F-0445-4D66-BAA3-E29203C6CB56}.Release|Default.Deploy.0 = Development
		{3157AB55-ABC3-4C4D-8DF0-3B13AC9CECC7}.Debug|Default.ActiveCfg = Debug
		{3157AB55-ABC3-4C4D-8DF0-3B13AC9CECC7}.Debug|Default.Build.0 = Debug
		{3157AB55-ABC3-4C4D-8DF0-3B13AC9CECC7}.Debug|Default.Deploy.0 = Debug
		{3157AB55-ABC3-4C4D-8DF0-3B13AC9CECC7}.DebugLocal|Default.ActiveCfg = DebugLocal
		{3157AB55-ABC3-4C4D-8DF0-3B13AC9CECC7}.DebugLocal|Default.Build.0 = DebugLocal
		{3157AB55-ABC3-4C4D-8DF0-3B13AC9CECC7}.Development|Default.ActiveCfg = DebugLocal
		{3157AB55-ABC3-4C4D-8DF0-3B13AC9CECC7}.Development|Default.Build.0 = DebugLocal
		{3157AB55-ABC3-4C4D-8DF0-3B13AC9CECC7}.Release|Default.ActiveCfg = Release
		{3157AB55-ABC3-4C4D-8DF0-3B13AC9CECC7}.Release|Default.Build.0 = Release
		{3157AB55-ABC3-4C4D-8DF0-3B13AC9CECC7}.Release|Default.Deploy.0 = Release
	EndGlobalSection
	GlobalSection(SolutionProperties) = preSolution
		HideSolutionNode = FALSE
	EndGlobalSection
	GlobalSection(NestedProjects) = preSolution
		{84E8584F-0445-4D66-BAA3-E29203C6CB56} = {A1F19D57-5BA2-42DF-92A8-4E5985A79EA2}
		{3157AB55-ABC3-4C4D-8DF0-3B13AC9CECC7} = {F1651AE8-2AE5-4778-92DA-76BC64A536D1}
	EndGlobalSection
EndGlobal
